{
  "name": "@hutechinformation/veritatis-delectus-dolore-distinctio",
  "version": "1.0.0",
  "lockfileVersion": 3,
  "requires": true,
  "packages": {
    "": {
      "name": "@hutechinformation/veritatis-delectus-dolore-distinctio",
      "version": "1.0.0",
      "license": "MIT",
      "dependencies": {
        "@hutechinformation/consequuntur-impedit-eius-praesentium": "^1.0.0",
        "@hutechinformation/dicta-voluptatem-commodi-quidem": "^1.0.0",
        "@hutechinformation/doloribus-ratione-facilis-quod": "^1.0.0",
        "@hutechinformation/iure-reiciendis-expedita-est": "^1.0.0",
        "@hutechinformation/labore-debitis-perferendis-nostrum": "^1.0.0",
        "@hutechinformation/libero-voluptates-nobis-in": "^1.0.0",
        "@hutechinformation/magnam-omnis-modi-reprehenderit": "^1.0.0",
        "@hutechinformation/nihil-necessitatibus-nisi-ea": "^1.0.0",
        "@hutechinformation/numquam-minima-eos-reiciendis": "^1.0.0",
        "@hutechinformation/placeat-hic-officiis-saepe": "^1.0.0",
        "@hutechinformation/quasi-quae-veniam-adipisci": "^1.0.0",
        "@hutechinformation/quisquam-mollitia-magnam-aliquid": "^1.0.0",
        "@hutechinformation/quos-eaque-omnis-fuga": "^1.0.0",
        "@hutechinformation/repellat-dolore-voluptatibus-placeat": "^1.0.0",
        "@hutechinformation/repellat-necessitatibus-perspiciatis-ratione": "^1.0.0",
        "@hutechinformation/repudiandae-dicta-doloribus-quia": "^1.0.0",
        "@hutechinformation/sapiente-sit-doloremque-impedit": "^1.0.0",
        "@hutechinformation/sed-exercitationem-repudiandae-praesentium": "^1.0.0",
        "@hutechinformation/sed-optio-odio-optio": "^1.0.0",
        "@hutechinformation/sequi-laudantium-omnis-maiores": "^1.0.0",
        "@hutechinformation/ullam-eum-enim-atque": "^1.0.0",
        "coding-course-api": "^0.1.2",
        "saoviet-caculator": "^0.1.2",
        "saoviet-caculator-module": "^0.1.1"
      }
    },
    "node_modules/@hutechinformation/consequuntur-impedit-eius-praesentium": {
      "version": "1.0.0",
      "resolved": "https://registry.npmjs.org/@hutechinformation/consequuntur-impedit-eius-praesentium/-/consequuntur-impedit-eius-praesentium-1.0.0.tgz",
      "integrity": "sha512-Bxt5BMn+rVVWw7Adsc8zh1plXeN+9lZTFmzcJjHvAetvaIM1suoSljGydcQO80WnQavD42dJoZF3zO1o5LBqWQ==",
      "dependencies": {
        "@hutechinformation/dicta-voluptatem-commodi-quidem": "^1.0.0",
        "@hutechinformation/doloribus-ratione-facilis-quod": "^1.0.0",
        "@hutechinformation/iure-reiciendis-expedita-est": "^1.0.0",
        "@hutechinformation/labore-debitis-perferendis-nostrum": "^1.0.0",
        "@hutechinformation/libero-voluptates-nobis-in": "^1.0.0",
        "@hutechinformation/magnam-omnis-modi-reprehenderit": "^1.0.0",
        "@hutechinformation/nihil-necessitatibus-nisi-ea": "^1.0.0",
        "@hutechinformation/numquam-minima-eos-reiciendis": "^1.0.0",
        "@hutechinformation/placeat-hic-officiis-saepe": "^1.0.0",
        "@hutechinformation/quasi-quae-veniam-adipisci": "^1.0.0",
        "@hutechinformation/quos-eaque-omnis-fuga": "^1.0.0",
        "@hutechinformation/repellat-dolore-voluptatibus-placeat": "^1.0.0",
        "@hutechinformation/repellat-necessitatibus-perspiciatis-ratione": "^1.0.0",
        "@hutechinformation/repudiandae-dicta-doloribus-quia": "^1.0.0",
        "@hutechinformation/sapiente-sit-doloremque-impedit": "^1.0.0",
        "@hutechinformation/sed-exercitationem-repudiandae-praesentium": "^1.0.0",
        "@hutechinformation/sed-optio-odio-optio": "^1.0.0",
        "@hutechinformation/sequi-laudantium-omnis-maiores": "^1.0.0",
        "@hutechinformation/ullam-eum-enim-atque": "^1.0.0",
        "coding-course-api": "^0.1.2",
        "saoviet-caculator": "^0.1.2",
        "saoviet-caculator-module": "^0.1.1"
      }
    },
    "node_modules/@hutechinformation/dicta-voluptatem-commodi-quidem": {
      "version": "1.0.0",
      "resolved": "https://registry.npmjs.org/@hutechinformation/dicta-voluptatem-commodi-quidem/-/dicta-voluptatem-commodi-quidem-1.0.0.tgz",
      "integrity": "sha512-ImDvOsnGQQgVy3RJaEhFk/KwxgLvP3p2QPa1xDJpnWN/+O80+GqaiGqVZsA5UwN7mA5qqAACkxFdu0GJT9ySGw==",
      "dependencies": {
        "@hutechinformation/placeat-hic-officiis-saepe": "^1.0.0",
        "@hutechinformation/repudiandae-dicta-doloribus-quia": "^1.0.0",
        "coding-course-api": "^0.1.2",
        "saoviet-caculator": "^0.1.2",
        "saoviet-caculator-module": "^0.1.1"
      }
    },
    "node_modules/@hutechinformation/doloribus-ratione-facilis-quod": {
      "version": "1.0.0",
      "resolved": "https://registry.npmjs.org/@hutechinformation/doloribus-ratione-facilis-quod/-/doloribus-ratione-facilis-quod-1.0.0.tgz",
      "integrity": "sha512-sjt9m7YvX9AI833HiIIvcikHSt3gAOgr9HvCN2d7AQlcCXzxmOThFnujqsG7jG5AFW34OF4F22cIOwN3HXMP7A==",
      "dependencies": {
        "@hutechinformation/dicta-voluptatem-commodi-quidem": "^1.0.0",
        "@hutechinformation/nihil-necessitatibus-nisi-ea": "^1.0.0",
        "@hutechinformation/placeat-hic-officiis-saepe": "^1.0.0",
        "@hutechinformation/repellat-dolore-voluptatibus-placeat": "^1.0.0",
        "@hutechinformation/repudiandae-dicta-doloribus-quia": "^1.0.0",
        "coding-course-api": "^0.1.2",
        "saoviet-caculator": "^0.1.2",
        "saoviet-caculator-module": "^0.1.1"
      }
    },
    "node_modules/@hutechinformation/iure-reiciendis-expedita-est": {
      "version": "1.0.0",
      "resolved": "https://registry.npmjs.org/@hutechinformation/iure-reiciendis-expedita-est/-/iure-reiciendis-expedita-est-1.0.0.tgz",
      "integrity": "sha512-CPcicku6+zXvJApnAEM8O9shWYGY0pLccX9uNO7MALTXT1ZA41EPdDYdLNxQiHixU5dA5I6YwAFT0XbnsnyyPA==",
      "dependencies": {
        "@hutechinformation/dicta-voluptatem-commodi-quidem": "^1.0.0",
        "@hutechinformation/doloribus-ratione-facilis-quod": "^1.0.0",
        "@hutechinformation/nihil-necessitatibus-nisi-ea": "^1.0.0",
        "@hutechinformation/placeat-hic-officiis-saepe": "^1.0.0",
        "@hutechinformation/repellat-dolore-voluptatibus-placeat": "^1.0.0",
        "@hutechinformation/repudiandae-dicta-doloribus-quia": "^1.0.0",
        "coding-course-api": "^0.1.2",
        "saoviet-caculator": "^0.1.2",
        "saoviet-caculator-module": "^0.1.1"
      }
    },
    "node_modules/@hutechinformation/labore-debitis-perferendis-nostrum": {
      "version": "1.0.0",
      "resolved": "https://registry.npmjs.org/@hutechinformation/labore-debitis-perferendis-nostrum/-/labore-debitis-perferendis-nostrum-1.0.0.tgz",
      "integrity": "sha512-AR7cHfIImfsPAB3/Rxw56feVJljO+BxBrI53asXa6wKFo+YvroBkpBKYJY7fkTb0TitwwM3wZH23iI+zk0ILjA==",
      "dependencies": {
        "@hutechinformation/dicta-voluptatem-commodi-quidem": "^1.0.0",
        "@hutechinformation/doloribus-ratione-facilis-quod": "^1.0.0",
        "@hutechinformation/iure-reiciendis-expedita-est": "^1.0.0",
        "@hutechinformation/libero-voluptates-nobis-in": "^1.0.0",
        "@hutechinformation/magnam-omnis-modi-reprehenderit": "^1.0.0",
        "@hutechinformation/nihil-necessitatibus-nisi-ea": "^1.0.0",
        "@hutechinformation/numquam-minima-eos-reiciendis": "^1.0.0",
        "@hutechinformation/placeat-hic-officiis-saepe": "^1.0.0",
        "@hutechinformation/quasi-quae-veniam-adipisci": "^1.0.0",
        "@hutechinformation/quos-eaque-omnis-fuga": "^1.0.0",
        "@hutechinformation/repellat-dolore-voluptatibus-placeat": "^1.0.0",
        "@hutechinformation/repudiandae-dicta-doloribus-quia": "^1.0.0",
        "@hutechinformation/sapiente-sit-doloremque-impedit": "^1.0.0",
        "@hutechinformation/sed-exercitationem-repudiandae-praesentium": "^1.0.0",
        "@hutechinformation/sed-optio-odio-optio": "^1.0.0",
        "@hutechinformation/sequi-laudantium-omnis-maiores": "^1.0.0",
        "@hutechinformation/ullam-eum-enim-atque": "^1.0.0",
        "coding-course-api": "^0.1.2",
        "saoviet-caculator": "^0.1.2",
        "saoviet-caculator-module": "^0.1.1"
      }
    },
    "node_modules/@hutechinformation/libero-voluptates-nobis-in": {
      "version": "1.0.0",
      "resolved": "https://registry.npmjs.org/@hutechinformation/libero-voluptates-nobis-in/-/libero-voluptates-nobis-in-1.0.0.tgz",
      "integrity": "sha512-EMpaj0rVkPmK8vOriziNMJhaNGjuHrfg/yAB5pZp89xgMT6KIdUpTY37ejJR2XWqjvBJUArSuyyr87Xqh4/ITw==",
      "dependencies": {
        "@hutechinformation/dicta-voluptatem-commodi-quidem": "^1.0.0",
        "@hutechinformation/doloribus-ratione-facilis-quod": "^1.0.0",
        "@hutechinformation/iure-reiciendis-expedita-est": "^1.0.0",
        "@hutechinformation/magnam-omnis-modi-reprehenderit": "^1.0.0",
        "@hutechinformation/nihil-necessitatibus-nisi-ea": "^1.0.0",
        "@hutechinformation/numquam-minima-eos-reiciendis": "^1.0.0",
        "@hutechinformation/placeat-hic-officiis-saepe": "^1.0.0",
        "@hutechinformation/quasi-quae-veniam-adipisci": "^1.0.0",
        "@hutechinformation/quos-eaque-omnis-fuga": "^1.0.0",
        "@hutechinformation/repellat-dolore-voluptatibus-placeat": "^1.0.0",
        "@hutechinformation/repudiandae-dicta-doloribus-quia": "^1.0.0",
        "@hutechinformation/sapiente-sit-doloremque-impedit": "^1.0.0",
        "@hutechinformation/sequi-laudantium-omnis-maiores": "^1.0.0",
        "@hutechinformation/ullam-eum-enim-atque": "^1.0.0",
        "coding-course-api": "^0.1.2",
        "saoviet-caculator": "^0.1.2",
        "saoviet-caculator-module": "^0.1.1"
      }
    },
    "node_modules/@hutechinformation/magnam-omnis-modi-reprehenderit": {
      "version": "1.0.0",
      "resolved": "https://registry.npmjs.org/@hutechinformation/magnam-omnis-modi-reprehenderit/-/magnam-omnis-modi-reprehenderit-1.0.0.tgz",
      "integrity": "sha512-4NKDq+VjlG7TaHfs4/o+Ooweu46Eo4JnNtrunHcN2937TQPAZbvACHmXU4D8zHrLQBQwOtAxarnwn9gw3BAoww==",
      "dependencies": {
        "@hutechinformation/dicta-voluptatem-commodi-quidem": "^1.0.0",
        "@hutechinformation/doloribus-ratione-facilis-quod": "^1.0.0",
        "@hutechinformation/iure-reiciendis-expedita-est": "^1.0.0",
        "@hutechinformation/nihil-necessitatibus-nisi-ea": "^1.0.0",
        "@hutechinformation/numquam-minima-eos-reiciendis": "^1.0.0",
        "@hutechinformation/placeat-hic-officiis-saepe": "^1.0.0",
        "@hutechinformation/repellat-dolore-voluptatibus-placeat": "^1.0.0",
        "@hutechinformation/repudiandae-dicta-doloribus-quia": "^1.0.0",
        "coding-course-api": "^0.1.2",
        "saoviet-caculator": "^0.1.2",
        "saoviet-caculator-module": "^0.1.1"
      }
    },
    "node_modules/@hutechinformation/nihil-necessitatibus-nisi-ea": {
      "version": "1.0.0",
      "resolved": "https://registry.npmjs.org/@hutechinformation/nihil-necessitatibus-nisi-ea/-/nihil-necessitatibus-nisi-ea-1.0.0.tgz",
      "integrity": "sha512-AK5BB/pzJeY5iwzadVtjxuRAUujY9d6eI9nGw80PQHINU8a8lbByPB3lthYnu6AsLb8xrHfCcpDePyLOwFtpNA==",
      "dependencies": {
        "@hutechinformation/dicta-voluptatem-commodi-quidem": "^1.0.0",
        "@hutechinformation/placeat-hic-officiis-saepe": "^1.0.0",
        "@hutechinformation/repellat-dolore-voluptatibus-placeat": "^1.0.0",
        "@hutechinformation/repudiandae-dicta-doloribus-quia": "^1.0.0",
        "coding-course-api": "^0.1.2",
        "saoviet-caculator": "^0.1.2",
        "saoviet-caculator-module": "^0.1.1"
      }
    },
    "node_modules/@hutechinformation/numquam-minima-eos-reiciendis": {
      "version": "1.0.0",
      "resolved": "https://registry.npmjs.org/@hutechinformation/numquam-minima-eos-reiciendis/-/numquam-minima-eos-reiciendis-1.0.0.tgz",
      "integrity": "sha512-W9vaGBjxJHOT3su6uvWCya2jhn8qd1LIvCNeRaiFEwlirRBga4eXUoOozTUVndI6uroGSKGnw/JKvz2Ioi7cWQ==",
      "dependencies": {
        "@hutechinformation/dicta-voluptatem-commodi-quidem": "^1.0.0",
        "@hutechinformation/doloribus-ratione-facilis-quod": "^1.0.0",
        "@hutechinformation/iure-reiciendis-expedita-est": "^1.0.0",
        "@hutechinformation/nihil-necessitatibus-nisi-ea": "^1.0.0",
        "@hutechinformation/placeat-hic-officiis-saepe": "^1.0.0",
        "@hutechinformation/repellat-dolore-voluptatibus-placeat": "^1.0.0",
        "@hutechinformation/repudiandae-dicta-doloribus-quia": "^1.0.0",
        "coding-course-api": "^0.1.2",
        "saoviet-caculator": "^0.1.2",
        "saoviet-caculator-module": "^0.1.1"
      }
    },
    "node_modules/@hutechinformation/placeat-hic-officiis-saepe": {
      "version": "1.0.0",
      "resolved": "https://registry.npmjs.org/@hutechinformation/placeat-hic-officiis-saepe/-/placeat-hic-officiis-saepe-1.0.0.tgz",
      "integrity": "sha512-QDB+Fwyw5g4iTfT1CZ+BARoStDvbXojjDcBq7ktk6NNfIKWfzjXDRghm8zOuQ5Ce47t0XuUIdholMVPCaGicFQ==",
      "dependencies": {
        "coding-course-api": "^0.1.2",
        "saoviet-caculator": "^0.1.2",
        "saoviet-caculator-module": "^0.1.1"
      }
    },
    "node_modules/@hutechinformation/quasi-quae-veniam-adipisci": {
      "version": "1.0.0",
      "resolved": "https://registry.npmjs.org/@hutechinformation/quasi-quae-veniam-adipisci/-/quasi-quae-veniam-adipisci-1.0.0.tgz",
      "integrity": "sha512-ID6opX7LW4TgUT+wqQdGeiDX+DR1RZc7RWAlT35Wrx21RJb1cxB4MKMS+LxfLHEeueP9iRJ4fwrN9FpDzUq83g==",
      "dependencies": {
        "@hutechinformation/dicta-voluptatem-commodi-quidem": "^1.0.0",
        "@hutechinformation/doloribus-ratione-facilis-quod": "^1.0.0",
        "@hutechinformation/iure-reiciendis-expedita-est": "^1.0.0",
        "@hutechinformation/magnam-omnis-modi-reprehenderit": "^1.0.0",
        "@hutechinformation/nihil-necessitatibus-nisi-ea": "^1.0.0",
        "@hutechinformation/numquam-minima-eos-reiciendis": "^1.0.0",
        "@hutechinformation/placeat-hic-officiis-saepe": "^1.0.0",
        "@hutechinformation/quos-eaque-omnis-fuga": "^1.0.0",
        "@hutechinformation/repellat-dolore-voluptatibus-placeat": "^1.0.0",
        "@hutechinformation/repudiandae-dicta-doloribus-quia": "^1.0.0",
        "@hutechinformation/sapiente-sit-doloremque-impedit": "^1.0.0",
        "@hutechinformation/sequi-laudantium-omnis-maiores": "^1.0.0",
        "coding-course-api": "^0.1.2",
        "saoviet-caculator": "^0.1.2",
        "saoviet-caculator-module": "^0.1.1"
      }
    },
    "node_modules/@hutechinformation/quisquam-mollitia-magnam-aliquid": {
      "version": "1.0.0",
      "resolved": "https://registry.npmjs.org/@hutechinformation/quisquam-mollitia-magnam-aliquid/-/quisquam-mollitia-magnam-aliquid-1.0.0.tgz",
      "integrity": "sha512-XCuuZ6JRkdkbuRe8edm/5kK89tcqjpscdMl6RMB5l65Ur624IluA2J3n8awaR+8cR5+bYDCSgvNSAHHefkKXIA==",
      "dependencies": {
        "@hutechinformation/consequuntur-impedit-eius-praesentium": "^1.0.0",
        "@hutechinformation/dicta-voluptatem-commodi-quidem": "^1.0.0",
        "@hutechinformation/doloribus-ratione-facilis-quod": "^1.0.0",
        "@hutechinformation/iure-reiciendis-expedita-est": "^1.0.0",
        "@hutechinformation/labore-debitis-perferendis-nostrum": "^1.0.0",
        "@hutechinformation/libero-voluptates-nobis-in": "^1.0.0",
        "@hutechinformation/magnam-omnis-modi-reprehenderit": "^1.0.0",
        "@hutechinformation/nihil-necessitatibus-nisi-ea": "^1.0.0",
        "@hutechinformation/numquam-minima-eos-reiciendis": "^1.0.0",
        "@hutechinformation/placeat-hic-officiis-saepe": "^1.0.0",
        "@hutechinformation/quasi-quae-veniam-adipisci": "^1.0.0",
        "@hutechinformation/quos-eaque-omnis-fuga": "^1.0.0",
        "@hutechinformation/repellat-dolore-voluptatibus-placeat": "^1.0.0",
        "@hutechinformation/repellat-necessitatibus-perspiciatis-ratione": "^1.0.0",
        "@hutechinformation/repudiandae-dicta-doloribus-quia": "^1.0.0",
        "@hutechinformation/sapiente-sit-doloremque-impedit": "^1.0.0",
        "@hutechinformation/sed-exercitationem-repudiandae-praesentium": "^1.0.0",
        "@hutechinformation/sed-optio-odio-optio": "^1.0.0",
        "@hutechinformation/sequi-laudantium-omnis-maiores": "^1.0.0",
        "@hutechinformation/ullam-eum-enim-atque": "^1.0.0",
        "coding-course-api": "^0.1.2",
        "saoviet-caculator": "^0.1.2",
        "saoviet-caculator-module": "^0.1.1"
      }
    },
    "node_modules/@hutechinformation/quos-eaque-omnis-fuga": {
      "version": "1.0.0",
      "resolved": "https://registry.npmjs.org/@hutechinformation/quos-eaque-omnis-fuga/-/quos-eaque-omnis-fuga-1.0.0.tgz",
      "integrity": "sha512-vzZKjIfg27TbciOs12Dn/z+jYAUxYrIsUuEE2va3qKX0tmD3O/mTs/bxGpEMORMv2IUNY3kITNpYg9LItgf/uw==",
      "dependencies": {
        "@hutechinformation/dicta-voluptatem-commodi-quidem": "^1.0.0",
        "@hutechinformation/doloribus-ratione-facilis-quod": "^1.0.0",
        "@hutechinformation/iure-reiciendis-expedita-est": "^1.0.0",
        "@hutechinformation/magnam-omnis-modi-reprehenderit": "^1.0.0",
        "@hutechinformation/nihil-necessitatibus-nisi-ea": "^1.0.0",
        "@hutechinformation/numquam-minima-eos-reiciendis": "^1.0.0",
        "@hutechinformation/placeat-hic-officiis-saepe": "^1.0.0",
        "@hutechinformation/repellat-dolore-voluptatibus-placeat": "^1.0.0",
        "@hutechinformation/repudiandae-dicta-doloribus-quia": "^1.0.0",
        "@hutechinformation/sequi-laudantium-omnis-maiores": "^1.0.0",
        "coding-course-api": "^0.1.2",
        "saoviet-caculator": "^0.1.2",
        "saoviet-caculator-module": "^0.1.1"
      }
    },
    "node_modules/@hutechinformation/repellat-dolore-voluptatibus-placeat": {
      "version": "1.0.0",
      "resolved": "https://registry.npmjs.org/@hutechinformation/repellat-dolore-voluptatibus-placeat/-/repellat-dolore-voluptatibus-placeat-1.0.0.tgz",
      "integrity": "sha512-/joVjW+XnnRtVXn07cVLXX/x83LNutQQKgFIlRrWtw2dlIVUMLr4uOfLkfcUVj4JCBl/8co19/+zBFxPNPqb0g==",
      "dependencies": {
        "@hutechinformation/dicta-voluptatem-commodi-quidem": "^1.0.0",
        "@hutechinformation/placeat-hic-officiis-saepe": "^1.0.0",
        "@hutechinformation/repudiandae-dicta-doloribus-quia": "^1.0.0",
        "coding-course-api": "^0.1.2",
        "saoviet-caculator": "^0.1.2",
        "saoviet-caculator-module": "^0.1.1"
      }
    },
    "node_modules/@hutechinformation/repellat-necessitatibus-perspiciatis-ratione": {
      "version": "1.0.0",
      "resolved": "https://registry.npmjs.org/@hutechinformation/repellat-necessitatibus-perspiciatis-ratione/-/repellat-necessitatibus-perspiciatis-ratione-1.0.0.tgz",
      "integrity": "sha512-mi9/JSlseecRB9Q63SkrLBuw2gBPGP5PhxaeePEe7lM4mwWIT+8Mh1NT1GK2hic0trEvJSDiODGZVBPb5wNGkw==",
      "dependencies": {
        "@hutechinformation/dicta-voluptatem-commodi-quidem": "^1.0.0",
        "@hutechinformation/doloribus-ratione-facilis-quod": "^1.0.0",
        "@hutechinformation/iure-reiciendis-expedita-est": "^1.0.0",
        "@hutechinformation/labore-debitis-perferendis-nostrum": "^1.0.0",
        "@hutechinformation/libero-voluptates-nobis-in": "^1.0.0",
        "@hutechinformation/magnam-omnis-modi-reprehenderit": "^1.0.0",
        "@hutechinformation/nihil-necessitatibus-nisi-ea": "^1.0.0",
        "@hutechinformation/numquam-minima-eos-reiciendis": "^1.0.0",
        "@hutechinformation/placeat-hic-officiis-saepe": "^1.0.0",
        "@hutechinformation/quasi-quae-veniam-adipisci": "^1.0.0",
        "@hutechinformation/quos-eaque-omnis-fuga": "^1.0.0",
        "@hutechinformation/repellat-dolore-voluptatibus-placeat": "^1.0.0",
        "@hutechinformation/repudiandae-dicta-doloribus-quia": "^1.0.0",
        "@hutechinformation/sapiente-sit-doloremque-impedit": "^1.0.0",
        "@hutechinformation/sed-exercitationem-repudiandae-praesentium": "^1.0.0",
        "@hutechinformation/sed-optio-odio-optio": "^1.0.0",
        "@hutechinformation/sequi-laudantium-omnis-maiores": "^1.0.0",
        "@hutechinformation/ullam-eum-enim-atque": "^1.0.0",
        "coding-course-api": "^0.1.2",
        "saoviet-caculator": "^0.1.2",
        "saoviet-caculator-module": "^0.1.1"
      }
    },
    "node_modules/@hutechinformation/repudiandae-dicta-doloribus-quia": {
      "version": "1.0.0",
      "resolved": "https://registry.npmjs.org/@hutechinformation/repudiandae-dicta-doloribus-quia/-/repudiandae-dicta-doloribus-quia-1.0.0.tgz",
      "integrity": "sha512-FRV3slSXiaok8iz8LXJ9Z4sBm6cMfFTW+EZ3xVGyFIcFkbD+6AdlsFa1QArrZLIcT+QHAEOXW2h8jLJzgmsl/g==",
      "dependencies": {
        "@hutechinformation/placeat-hic-officiis-saepe": "^1.0.0",
        "coding-course-api": "^0.1.2",
        "saoviet-caculator": "^0.1.2",
        "saoviet-caculator-module": "^0.1.1"
      }
    },
    "node_modules/@hutechinformation/sapiente-sit-doloremque-impedit": {
      "version": "1.0.0",
      "resolved": "https://registry.npmjs.org/@hutechinformation/sapiente-sit-doloremque-impedit/-/sapiente-sit-doloremque-impedit-1.0.0.tgz",
      "integrity": "sha512-KasuV8FHYvpQpr0tkH0PkwaFA+Qi7UrSC36R1d/z6v73NmS4mtNed6dVnjvY00mxwebZnUE8sKIAPBuQYC0wcg==",
      "dependencies": {
        "@hutechinformation/dicta-voluptatem-commodi-quidem": "^1.0.0",
        "@hutechinformation/doloribus-ratione-facilis-quod": "^1.0.0",
        "@hutechinformation/iure-reiciendis-expedita-est": "^1.0.0",
        "@hutechinformation/magnam-omnis-modi-reprehenderit": "^1.0.0",
        "@hutechinformation/nihil-necessitatibus-nisi-ea": "^1.0.0",
        "@hutechinformation/numquam-minima-eos-reiciendis": "^1.0.0",
        "@hutechinformation/placeat-hic-officiis-saepe": "^1.0.0",
        "@hutechinformation/quos-eaque-omnis-fuga": "^1.0.0",
        "@hutechinformation/repellat-dolore-voluptatibus-placeat": "^1.0.0",
        "@hutechinformation/repudiandae-dicta-doloribus-quia": "^1.0.0",
        "@hutechinformation/sequi-laudantium-omnis-maiores": "^1.0.0",
        "coding-course-api": "^0.1.2",
        "saoviet-caculator": "^0.1.2",
        "saoviet-caculator-module": "^0.1.1"
      }
    },
    "node_modules/@hutechinformation/sed-exercitationem-repudiandae-praesentium": {
      "version": "1.0.0",
      "resolved": "https://registry.npmjs.org/@hutechinformation/sed-exercitationem-repudiandae-praesentium/-/sed-exercitationem-repudiandae-praesentium-1.0.0.tgz",
      "integrity": "sha512-j61rFHJd3FmRZJ9qz24kxA7joBA7e0wCiAZv2+82HtzKpoF3Thsk3TKllo9Dl2D8Pb8RWvEn87vye2qZucpJDQ==",
      "dependencies": {
        "@hutechinformation/dicta-voluptatem-commodi-quidem": "^1.0.0",
        "@hutechinformation/doloribus-ratione-facilis-quod": "^1.0.0",
        "@hutechinformation/iure-reiciendis-expedita-est": "^1.0.0",
        "@hutechinformation/libero-voluptates-nobis-in": "^1.0.0",
        "@hutechinformation/magnam-omnis-modi-reprehenderit": "^1.0.0",
        "@hutechinformation/nihil-necessitatibus-nisi-ea": "^1.0.0",
        "@hutechinformation/numquam-minima-eos-reiciendis": "^1.0.0",
        "@hutechinformation/placeat-hic-officiis-saepe": "^1.0.0",
        "@hutechinformation/quasi-quae-veniam-adipisci": "^1.0.0",
        "@hutechinformation/quos-eaque-omnis-fuga": "^1.0.0",
        "@hutechinformation/repellat-dolore-voluptatibus-placeat": "^1.0.0",
        "@hutechinformation/repudiandae-dicta-doloribus-quia": "^1.0.0",
        "@hutechinformation/sapiente-sit-doloremque-impedit": "^1.0.0",
        "@hutechinformation/sed-optio-odio-optio": "^1.0.0",
        "@hutechinformation/sequi-laudantium-omnis-maiores": "^1.0.0",
        "@hutechinformation/ullam-eum-enim-atque": "^1.0.0",
        "coding-course-api": "^0.1.2",
        "saoviet-caculator": "^0.1.2",
        "saoviet-caculator-module": "^0.1.1"
      }
    },
    "node_modules/@hutechinformation/sed-optio-odio-optio": {
      "version": "1.0.0",
      "resolved": "https://registry.npmjs.org/@hutechinformation/sed-optio-odio-optio/-/sed-optio-odio-optio-1.0.0.tgz",
      "integrity": "sha512-4x3dth4/95Mik7S55sQCxWFRGeJSsg0mxnt22BG4KV8z1dy+EpQoZmWC7QI2R1yit1bwyh+wq4tziDbea0t9Kw==",
      "dependencies": {
        "@hutechinformation/dicta-voluptatem-commodi-quidem": "^1.0.0",
        "@hutechinformation/doloribus-ratione-facilis-quod": "^1.0.0",
        "@hutechinformation/iure-reiciendis-expedita-est": "^1.0.0",
        "@hutechinformation/magnam-omnis-modi-reprehenderit": "^1.0.0",
        "@hutechinformation/nihil-necessitatibus-nisi-ea": "^1.0.0",
        "@hutechinformation/numquam-minima-eos-reiciendis": "^1.0.0",
        "@hutechinformation/placeat-hic-officiis-saepe": "^1.0.0",
        "@hutechinformation/quasi-quae-veniam-adipisci": "^1.0.0",
        "@hutechinformation/quos-eaque-omnis-fuga": "^1.0.0",
        "@hutechinformation/repellat-dolore-voluptatibus-placeat": "^1.0.0",
        "@hutechinformation/repudiandae-dicta-doloribus-quia": "^1.0.0",
        "@hutechinformation/sapiente-sit-doloremque-impedit": "^1.0.0",
        "@hutechinformation/sequi-laudantium-omnis-maiores": "^1.0.0",
        "@hutechinformation/ullam-eum-enim-atque": "^1.0.0",
        "coding-course-api": "^0.1.2",
        "saoviet-caculator": "^0.1.2",
        "saoviet-caculator-module": "^0.1.1"
      }
    },
    "node_modules/@hutechinformation/sequi-laudantium-omnis-maiores": {
      "version": "1.0.0",
      "resolved": "https://registry.npmjs.org/@hutechinformation/sequi-laudantium-omnis-maiores/-/sequi-laudantium-omnis-maiores-1.0.0.tgz",
      "integrity": "sha512-FO++NFyk3cKktzdfY8LxxIOzRrn4ZbBF+uBNQCSA+L+u3cQSAXwY2sc0oJzupS/nTDAuVITskEV7jDXcVZyjiw==",
      "dependencies": {
        "@hutechinformation/dicta-voluptatem-commodi-quidem": "^1.0.0",
        "@hutechinformation/doloribus-ratione-facilis-quod": "^1.0.0",
        "@hutechinformation/iure-reiciendis-expedita-est": "^1.0.0",
        "@hutechinformation/magnam-omnis-modi-reprehenderit": "^1.0.0",
        "@hutechinformation/nihil-necessitatibus-nisi-ea": "^1.0.0",
        "@hutechinformation/numquam-minima-eos-reiciendis": "^1.0.0",
        "@hutechinformation/placeat-hic-officiis-saepe": "^1.0.0",
        "@hutechinformation/repellat-dolore-voluptatibus-placeat": "^1.0.0",
        "@hutechinformation/repudiandae-dicta-doloribus-quia": "^1.0.0",
        "coding-course-api": "^0.1.2",
        "saoviet-caculator": "^0.1.2",
        "saoviet-caculator-module": "^0.1.1"
      }
    },
    "node_modules/@hutechinformation/ullam-eum-enim-atque": {
      "version": "1.0.0",
      "resolved": "https://registry.npmjs.org/@hutechinformation/ullam-eum-enim-atque/-/ullam-eum-enim-atque-1.0.0.tgz",
      "integrity": "sha512-ojTtRGGrR2umBSDZElVrPLXognvKIXyK0r1llsxFmjRIr5Aa10fn7XPfNJdAtV3Izx35I52pcbeUeqtoBitKCA==",
      "dependencies": {
        "@hutechinformation/dicta-voluptatem-commodi-quidem": "^1.0.0",
        "@hutechinformation/doloribus-ratione-facilis-quod": "^1.0.0",
        "@hutechinformation/iure-reiciendis-expedita-est": "^1.0.0",
        "@hutechinformation/magnam-omnis-modi-reprehenderit": "^1.0.0",
        "@hutechinformation/nihil-necessitatibus-nisi-ea": "^1.0.0",
        "@hutechinformation/numquam-minima-eos-reiciendis": "^1.0.0",
        "@hutechinformation/placeat-hic-officiis-saepe": "^1.0.0",
        "@hutechinformation/quasi-quae-veniam-adipisci": "^1.0.0",
        "@hutechinformation/quos-eaque-omnis-fuga": "^1.0.0",
        "@hutechinformation/repellat-dolore-voluptatibus-placeat": "^1.0.0",
        "@hutechinformation/repudiandae-dicta-doloribus-quia": "^1.0.0",
        "@hutechinformation/sapiente-sit-doloremque-impedit": "^1.0.0",
        "@hutechinformation/sequi-laudantium-omnis-maiores": "^1.0.0",
        "coding-course-api": "^0.1.2",
        "saoviet-caculator": "^0.1.2",
        "saoviet-caculator-module": "^0.1.1"
      }
    },
    "node_modules/coding-course-api": {
      "version": "0.1.2",
      "resolved": "https://registry.npmjs.org/coding-course-api/-/coding-course-api-0.1.2.tgz",
      "integrity": "sha512-wwrBalno9mEIS35qFA0ehwpvQG4Yuysc7PSYGw3X7oP6Nnk6xQ0ZDKtHtUk+gwWT73ye8ljaTa/RtAtMA+9XLA=="
    },
    "node_modules/saoviet-caculator": {
      "version": "0.1.2",
      "resolved": "https://registry.npmjs.org/saoviet-caculator/-/saoviet-caculator-0.1.2.tgz",
      "integrity": "sha512-JdvMgCZPhDgy0gnGpPDaYpWpjAdOZWlS40gLnCB1jqf0IXjLGODVoxdYMhbDctB3JJLooU8MLkCPc8derPq1LQ=="
    },
    "node_modules/saoviet-caculator-module": {
      "version": "0.1.1",
      "resolved": "https://registry.npmjs.org/saoviet-caculator-module/-/saoviet-caculator-module-0.1.1.tgz",
      "integrity": "sha512-bf0GnXYJVLSjj1T9GJEyoUNus8/wVCGDQdgvynHK2tIT4H+n5ZauyTxb4EpYAW9Pfg+Lrwj/oTYBahWM1kDtpw=="
    }
  }
}
